
Microsoft Visual Studio Solution File, Format Version 12.00
# Visual Studio Version 17
VisualStudioVersion = 17.12.35514.174 d17.12
MinimumVisualStudioVersion = 10.0.40219.1
Project("{FAE04EC0-301F-11D3-BF4B-00C04F79EFBC}") = "OOP laba 3 zavdannia 2", "OOP laba 3 zavdannia 2.csproj", "{A2E327C3-7D90-4310-81DE-1817FEB9556D}"
EndProject
Global
	GlobalSection(SolutionConfigurationPlatforms) = preSolution
		Debug|Any CPU = Debug|Any CPU
		Release|Any CPU = Release|Any CPU
	EndGlobalSection
	GlobalSection(ProjectConfigurationPlatforms) = postSolution
		{A2E327C3-7D90-4310-81DE-1817FEB9556D}.Debug|Any CPU.ActiveCfg = Debug|Any CPU
		{A2E327C3-7D90-4310-81DE-1817FEB9556D}.Debug|Any CPU.Build.0 = Debug|Any CPU
		{A2E327C3-7D90-4310-81DE-1817FEB9556D}.Release|Any CPU.ActiveCfg = Release|Any CPU
		{A2E327C3-7D90-4310-81DE-1817FEB9556D}.Release|Any CPU.Build.0 = Release|Any CPU
	EndGlobalSection
	GlobalSection(SolutionProperties) = preSolution
		HideSolutionNode = FALSE
	EndGlobalSection
EndGlobal
